
Microsoft Visual Studio Solution File, Format Version 12.00
# Visual Studio Version 17
VisualStudioVersion = 17.0.32014.148
MinimumVisualStudioVersion = 10.0.40219.1
Project("{9A19103F-16F7-4668-BE54-9A1E7A4F7556}") = "Berger.Extensions.Configuration", "Berger.Extensions.Configuration\Berger.Extensions.Configuration.csproj", "{05D07671-582F-45A1-9528-A21F08F348BA}"
EndProject
Project("{2150E333-8FDC-42A3-9474-1A3956D46DE8}") = "Build", "Build", "{8A8750D4-31BA-4D81-8D50-3DCEC567D661}"
	ProjectSection(SolutionItems) = preProject
		..\build\Berger.Extensions.Configuration.yml = ..\build\Berger.Extensions.Configuration.yml
	EndProjectSection
EndProject
Project("{2150E333-8FDC-42A3-9474-1A3956D46DE8}") = "Source", "Source", "{5DB0532D-ACF9-4874-A9A1-9CE94D3981AA}"
EndProject
Global
	GlobalSection(SolutionConfigurationPlatforms) = preSolution
		Debug|Any CPU = Debug|Any CPU
		Release|Any CPU = Release|Any CPU
	EndGlobalSection
	GlobalSection(ProjectConfigurationPlatforms) = postSolution
		{05D07671-582F-45A1-9528-A21F08F348BA}.Debug|Any CPU.ActiveCfg = Debug|Any CPU
		{05D07671-582F-45A1-9528-A21F08F348BA}.Debug|Any CPU.Build.0 = Debug|Any CPU
		{05D07671-582F-45A1-9528-A21F08F348BA}.Release|Any CPU.ActiveCfg = Release|Any CPU
		{05D07671-582F-45A1-9528-A21F08F348BA}.Release|Any CPU.Build.0 = Release|Any CPU
	EndGlobalSection
	GlobalSection(SolutionProperties) = preSolution
		HideSolutionNode = FALSE
	EndGlobalSection
	GlobalSection(NestedProjects) = preSolution
		{05D07671-582F-45A1-9528-A21F08F348BA} = {5DB0532D-ACF9-4874-A9A1-9CE94D3981AA}
	EndGlobalSection
	GlobalSection(ExtensibilityGlobals) = postSolution
		SolutionGuid = {4961BE93-F316-4B63-8144-768113F9C617}
	EndGlobalSection
EndGlobal
